// !$*UTF8*$!
{
	archiveVersion = 1;
	classes = {
	};
	objectVersion = 46;
	objects = {

/* Begin PBXBuildFile section */
		E2158E791CFE0EA200870600 /* main.m in Sources */ = {isa = PBXBuildFile; fileRef = E2158E781CFE0EA200870600 /* main.m */; };
		E2158E7C1CFE0EA200870600 /* AppDelegate.m in Sources */ = {isa = PBXBuildFile; fileRef = E2158E7B1CFE0EA200870600 /* AppDelegate.m */; };
		E2158E7F1CFE0EA200870600 /* ViewController.m in Sources */ = {isa = PBXBuildFile; fileRef = E2158E7E1CFE0EA200870600 /* ViewController.m */; };
		E2158E821CFE0EA300870600 /* Main.storyboard in Resources */ = {isa = PBXBuildFile; fileRef = E2158E801CFE0EA300870600 /* Main.storyboard */; };
		E2158E841CFE0EA300870600 /* Assets.xcassets in Resources */ = {isa = PBXBuildFile; fileRef = E2158E831CFE0EA300870600 /* Assets.xcassets */; };
		E2158E871CFE0EA300870600 /* LaunchScreen.storyboard in Resources */ = {isa = PBXBuildFile; fileRef = E2158E851CFE0EA300870600 /* LaunchScreen.storyboard */; };
		E2158E921CFE0EA500870600 /* FiresideChatTests.m in Sources */ = {isa = PBXBuildFile; fileRef = E2158E911CFE0EA500870600 /* FiresideChatTests.m */; };
/* End PBXBuildFile section */

/* Begin PBXContainerItemProxy section */
		E2158E8E1CFE0EA500870600 /* PBXContainerItemProxy */ = {
			isa = PBXContainerItemProxy;
			containerPortal = E2158E6C1CFE0E9300870600 /* Project object */;
			proxyType = 1;
			remoteGlobalIDString = E2158E731CFE0E9400870600;
			remoteInfo = FiresideChat;
		};
/* End PBXContainerItemProxy section */

/* Begin PBXFileReference section */
		E2158E741CFE0E9400870600 /* FiresideChat.app */ = {isa = PBXFileReference; explicitFileType = wrapper.application; includeInIndex = 0; path = FiresideChat.app; sourceTree = BUILT_PRODUCTS_DIR; };
		E2158E781CFE0EA200870600 /* main.m */ = {isa = PBXFileReference; lastKnownFileType = sourcecode.c.objc; path = main.m; sourceTree = "<group>"; };
		E2158E7A1CFE0EA200870600 /* AppDelegate.h */ = {isa = PBXFileReference; lastKnownFileType = sourcecode.c.h; path = AppDelegate.h; sourceTree = "<group>"; };
		E2158E7B1CFE0EA200870600 /* AppDelegate.m */ = {isa = PBXFileReference; lastKnownFileType = sourcecode.c.objc; path = AppDelegate.m; sourceTree = "<group>"; };
		E2158E7D1CFE0EA200870600 /* ViewController.h */ = {isa = PBXFileReference; lastKnownFileType = sourcecode.c.h; path = ViewController.h; sourceTree = "<group>"; };
		E2158E7E1CFE0EA200870600 /* ViewController.m */ = {isa = PBXFileReference; lastKnownFileType = sourcecode.c.objc; path = ViewController.m; sourceTree = "<group>"; };
		E2158E811CFE0EA300870600 /* Base */ = {isa = PBXFileReference; lastKnownFileType = file.storyboard; name = Base; path = Base.lproj/Main.storyboard; sourceTree = "<group>"; };
		E2158E831CFE0EA300870600 /* Assets.xcassets */ = {isa = PBXFileReference; lastKnownFileType = folder.assetcatalog; path = Assets.xcassets; sourceTree = "<group>"; };
		E2158E861CFE0EA300870600 /* Base */ = {isa = PBXFileReference; lastKnownFileType = file.storyboard; name = Base; path = Base.lproj/LaunchScreen.storyboard; sourceTree = "<group>"; };
		E2158E881CFE0EA300870600 /* Info.plist */ = {isa = PBXFileReference; lastKnownFileType = text.plist.xml; path = Info.plist; sourceTree = "<group>"; };
		E2158E8D1CFE0EA500870600 /* FiresideChatTests.xctest */ = {isa = PBXFileReference; explicitFileType = wrapper.cfbundle; includeInIndex = 0; path = FiresideChatTests.xctest; sourceTree = BUILT_PRODUCTS_DIR; };
		E2158E911CFE0EA500870600 /* FiresideChatTests.m */ = {isa = PBXFileReference; lastKnownFileType = sourcecode.c.objc; path = FiresideChatTests.m; sourceTree = "<group>"; };
		E2158E931CFE0EA500870600 /* Info.plist */ = {isa = PBXFileReference; lastKnownFileType = text.plist.xml; path = Info.plist; sourceTree = "<group>"; };
/* End PBXFileReference section */

/* Begin PBXFrameworksBuildPhase section */
		E2158E711CFE0E9400870600 /* Frameworks */ = {
			isa = PBXFrameworksBuildPhase;
			buildActionMask = 2147483647;
			files = (
			);
			runOnlyForDeploymentPostprocessing = 0;
		};
		E2158E8A1CFE0EA500870600 /* Frameworks */ = {
			isa = PBXFrameworksBuildPhase;
			buildActionMask = 2147483647;
			files = (
			);
			runOnlyForDeploymentPostprocessing = 0;
		};
/* End PBXFrameworksBuildPhase section */

/* Begin PBXGroup section */
		E2158E6B1CFE0E9200870600 = {
			isa = PBXGroup;
			children = (
				E2158E761CFE0EA200870600 /* FiresideChat */,
				E2158E901CFE0EA500870600 /* FiresideChatTests */,
				E2158E751CFE0E9400870600 /* Products */,
			);
			sourceTree = "<group>";
		};
		E2158E751CFE0E9400870600 /* Products */ = {
			isa = PBXGroup;
			children = (
				E2158E741CFE0E9400870600 /* FiresideChat.app */,
				E2158E8D1CFE0EA500870600 /* FiresideChatTests.xctest */,
			);
			name = Products;
			sourceTree = "<group>";
		};
		E2158E761CFE0EA200870600 /* FiresideChat */ = {
			isa = PBXGroup;
			children = (
				E2158E7A1CFE0EA200870600 /* AppDelegate.h */,
				E2158E7B1CFE0EA200870600 /* AppDelegate.m */,
				E2158E7D1CFE0EA200870600 /* ViewController.h */,
				E2158E7E1CFE0EA200870600 /* ViewController.m */,
				E2158E801CFE0EA300870600 /* Main.storyboard */,
				E2158E831CFE0EA300870600 /* Assets.xcassets */,
				E2158E851CFE0EA300870600 /* LaunchScreen.storyboard */,
				E2158E881CFE0EA300870600 /* Info.plist */,
				E2158E771CFE0EA200870600 /* Supporting Files */,
			);
			path = FiresideChat;
			sourceTree = "<group>";
		};
		E2158E771CFE0EA200870600 /* Supporting Files */ = {
			isa = PBXGroup;
			children = (
				E2158E781CFE0EA200870600 /* main.m */,
			);
			name = "Supporting Files";
			sourceTree = "<group>";
		};
		E2158E901CFE0EA500870600 /* FiresideChatTests */ = {
			isa = PBXGroup;
			children = (
				E2158E911CFE0EA500870600 /* FiresideChatTests.m */,
				E2158E931CFE0EA500870600 /* Info.plist */,
			);
			path = FiresideChatTests;
			sourceTree = "<group>";
		};
/* End PBXGroup section */

/* Begin PBXNativeTarget section */
		E2158E731CFE0E9400870600 /* FiresideChat */ = {
			isa = PBXNativeTarget;
			buildConfigurationList = E2158E961CFE0EA500870600 /* Build configuration list for PBXNativeTarget "FiresideChat" */;
			buildPhases = (
				E2158E701CFE0E9400870600 /* Sources */,
				E2158E711CFE0E9400870600 /* Frameworks */,
				E2158E721CFE0E9400870600 /* Resources */,
			);
			buildRules = (
			);
			dependencies = (
			);
			name = FiresideChat;
			productName = FiresideChat;
			productReference = E2158E741CFE0E9400870600 /* FiresideChat.app */;
			productType = "com.apple.product-type.application";
		};
		E2158E8C1CFE0EA500870600 /* FiresideChatTests */ = {
			isa = PBXNativeTarget;
			buildConfigurationList = E2158E991CFE0EA500870600 /* Build configuration list for PBXNativeTarget "FiresideChatTests" */;
			buildPhases = (
				E2158E891CFE0EA500870600 /* Sources */,
				E2158E8A1CFE0EA500870600 /* Frameworks */,
				E2158E8B1CFE0EA500870600 /* Resources */,
			);
			buildRules = (
			);
			dependencies = (
				E2158E8F1CFE0EA500870600 /* PBXTargetDependency */,
			);
			name = FiresideChatTests;
			productName = FiresideChatTests;
			productReference = E2158E8D1CFE0EA500870600 /* FiresideChatTests.xctest */;
			productType = "com.apple.product-type.bundle.unit-test";
		};
/* End PBXNativeTarget section */

/* Begin PBXProject section */
		E2158E6C1CFE0E9300870600 /* Project object */ = {
			isa = PBXProject;
			attributes = {
				LastUpgradeCheck = 0730;
				ORGANIZATIONNAME = "Sean Hernandez";
				TargetAttributes = {
					E2158E731CFE0E9400870600 = {
						CreatedOnToolsVersion = 7.3.1;
						DevelopmentTeam = RW54YEK6GD;
					};
					E2158E8C1CFE0EA500870600 = {
						CreatedOnToolsVersion = 7.3.1;
						DevelopmentTeam = RW54YEK6GD;
						TestTargetID = E2158E731CFE0E9400870600;
					};
				};
			};
			buildConfigurationList = E2158E6F1CFE0E9300870600 /* Build configuration list for PBXProject "FiresideChat" */;
			compatibilityVersion = "Xcode 3.2";
			developmentRegion = English;
			hasScannedForEncodings = 0;
			knownRegions = (
				en,
				Base,
			);
			mainGroup = E2158E6B1CFE0E9200870600;
			productRefGroup = E2158E751CFE0E9400870600 /* Products */;
			projectDirPath = "";
			projectRoot = "";
			targets = (
				E2158E731CFE0E9400870600 /* FiresideChat */,
				E2158E8C1CFE0EA500870600 /* FiresideChatTests */,
			);
		};
/* End PBXProject section */

/* Begin PBXResourcesBuildPhase section */
		E2158E721CFE0E9400870600 /* Resources */ = {
			isa = PBXResourcesBuildPhase;
			buildActionMask = 2147483647;
			files = (
				E2158E871CFE0EA300870600 /* LaunchScreen.storyboard in Resources */,
				E2158E841CFE0EA300870600 /* Assets.xcassets in Resources */,
				E2158E821CFE0EA300870600 /* Main.storyboard in Resources */,
			);
			runOnlyForDeploymentPostprocessing = 0;
		};
		E2158E8B1CFE0EA500870600 /* Resources */ = {
			isa = PBXResourcesBuildPhase;
			buildActionMask = 2147483647;
			files = (
			);
			runOnlyForDeploymentPostprocessing = 0;
		};
/* End PBXResourcesBuildPhase section */

/* Begin PBXSourcesBuildPhase section */
		E2158E701CFE0E9400870600 /* Sources */ = {
			isa = PBXSourcesBuildPhase;
			buildActionMask = 2147483647;
			files = (
				E2158E7F1CFE0EA200870600 /* ViewController.m in Sources */,
				E2158E7C1CFE0EA200870600 /* AppDelegate.m in Sources */,
				E2158E791CFE0EA200870600 /* main.m in Sources */,
			);
			runOnlyForDeploymentPostprocessing = 0;
		};
		E2158E891CFE0EA500870600 /* Sources */ = {
			isa = PBXSourcesBuildPhase;
			buildActionMask = 2147483647;
			files = (
				E2158E921CFE0EA500870600 /* FiresideChatTests.m in Sources */,
			);
			runOnlyForDeploymentPostprocessing = 0;
		};
/* End PBXSourcesBuildPhase section */

/* Begin PBXTargetDependency section */
		E2158E8F1CFE0EA500870600 /* PBXTargetDependency */ = {
			isa = PBXTargetDependency;
			target = E2158E731CFE0E9400870600 /* FiresideChat */;
			targetProxy = E2158E8E1CFE0EA500870600 /* PBXContainerItemProxy */;
		};
/* End PBXTargetDependency section */

/* Begin PBXVariantGroup section */
		E2158E801CFE0EA300870600 /* Main.storyboard */ = {
			isa = PBXVariantGroup;
			children = (
				E2158E811CFE0EA300870600 /* Base */,
			);
			name = Main.storyboard;
			sourceTree = "<group>";
		};
		E2158E851CFE0EA300870600 /* LaunchScreen.storyboard */ = {
			isa = PBXVariantGroup;
			children = (
				E2158E861CFE0EA300870600 /* Base */,
			);
			name = LaunchScreen.storyboard;
			sourceTree = "<group>";
		};
/* End PBXVariantGroup section */

/* Begin XCBuildConfiguration section */
		E2158E941CFE0EA500870600 /* Debug */ = {
			isa = XCBuildConfiguration;
			buildSettings = {
				ALWAYS_SEARCH_USER_PATHS = NO;
				CLANG_ANALYZER_NONNULL = YES;
				CLANG_CXX_LANGUAGE_STANDARD = "gnu++0x";
				CLANG_CXX_LIBRARY = "libc++";
				CLANG_ENABLE_MODULES = YES;
				CLANG_ENABLE_OBJC_ARC = YES;
				CLANG_WARN_BOOL_CONVERSION = YES;
				CLANG_WARN_CONSTANT_CONVERSION = YES;
				CLANG_WARN_DIRECT_OBJC_ISA_USAGE = YES_ERROR;
				CLANG_WARN_EMPTY_BODY = YES;
				CLANG_WARN_ENUM_CONVERSION = YES;
				CLANG_WARN_INT_CONVERSION = YES;
				CLANG_WARN_OBJC_ROOT_CLASS = YES_ERROR;
				CLANG_WARN_UNREACHABLE_CODE = YES;
				CLANG_WARN__DUPLICATE_METHOD_MATCH = YES;
				"CODE_SIGN_IDENTITY[sdk=iphoneos*]" = "iPhone Developer";
				COPY_PHASE_STRIP = NO;
				DEBUG_INFORMATION_FORMAT = dwarf;
				ENABLE_STRICT_OBJC_MSGSEND = YES;
				ENABLE_TESTABILITY = YES;
				GCC_C_LANGUAGE_STANDARD = gnu99;
				GCC_DYNAMIC_NO_PIC = NO;
				GCC_NO_COMMON_BLOCKS = YES;
				GCC_OPTIMIZATION_LEVEL = 0;
				GCC_PREPROCESSOR_DEFINITIONS = (
					"DEBUG=1",
					"$(inherited)",
				);
				GCC_WARN_64_TO_32_BIT_CONVERSION = YES;
				GCC_WARN_ABOUT_RETURN_TYPE = YES_ERROR;
				GCC_WARN_UNDECLARED_SELECTOR = YES;
				GCC_WARN_UNINITIALIZED_AUTOS = YES_AGGRESSIVE;
				GCC_WARN_UNUSED_FUNCTION = YES;
				GCC_WARN_UNUSED_VARIABLE = YES;
				IPHONEOS_DEPLOYMENT_TARGET = 9.3;
				MTL_ENABLE_DEBUG_INFO = YES;
				ONLY_ACTIVE_ARCH = YES;
				SDKROOT = iphoneos;
				TARGETED_DEVICE_FAMILY = "1,2";
			};
			name = Debug;
		};
		E2158E951CFE0EA500870600 /* Release */ = {
			isa = XCBuildConfiguration;
			buildSettings = {
				ALWAYS_SEARCH_USER_PATHS = NO;
				CLANG_ANALYZER_NONNULL = YES;
				CLANG_CXX_LANGUAGE_STANDARD = "gnu++0x";
				CLANG_CXX_LIBRARY = "libc++";
				CLANG_ENABLE_MODULES = YES;
				CLANG_ENABLE_OBJC_ARC = YES;
				CLANG_WARN_BOOL_CONVERSION = YES;
				CLANG_WARN_CONSTANT_CONVERSION = YES;
				CLANG_WARN_DIRECT_OBJC_ISA_USAGE = YES_ERROR;
				CLANG_WARN_EMPTY_BODY = YES;
				CLANG_WARN_ENUM_CONVERSION = YES;
				CLANG_WARN_INT_CONVERSION = YES;
				CLANG_WARN_OBJC_ROOT_CLASS = YES_ERROR;
				CLANG_WARN_UNREACHABLE_CODE = YES;
				CLANG_WARN__DUPLICATE_METHOD_MATCH = YES;
				"CODE_SIGN_IDENTITY[sdk=iphoneos*]" = "iPhone Developer";
				COPY_PHASE_STRIP = NO;
				DEBUG_INFORMATION_FORMAT = "dwarf-with-dsym";
				ENABLE_NS_ASSERTIONS = NO;
				ENABLE_STRICT_OBJC_MSGSEND = YES;
				GCC_C_LANGUAGE_STANDARD = gnu99;
				GCC_NO_COMMON_BLOCKS = YES;
				GCC_WARN_64_TO_32_BIT_CONVERSION = YES;
				GCC_WARN_ABOUT_RETURN_TYPE = YES_ERROR;
				GCC_WARN_UNDECLARED_SELECTOR = YES;
				GCC_WARN_UNINITIALIZED_AUTOS = YES_AGGRESSIVE;
				GCC_WARN_UNUSED_FUNCTION = YES;
				GCC_WARN_UNUSED_VARIABLE = YES;
				IPHONEOS_DEPLOYMENT_TARGET = 9.3;
				MTL_ENABLE_DEBUG_INFO = NO;
				SDKROOT = iphoneos;
				TARGETED_DEVICE_FAMILY = "1,2";
				VALIDATE_PRODUCT = YES;
			};
			name = Release;
		};
		E2158E971CFE0EA500870600 /* Debug */ = {
			isa = XCBuildConfiguration;
			buildSettings = {
				ASSETCATALOG_COMPILER_APPICON_NAME = AppIcon;
				INFOPLIST_FILE = FiresideChat/Info.plist;
				LD_RUNPATH_SEARCH_PATHS = "$(inherited) @executable_path/Frameworks";
				PRODUCT_BUNDLE_IDENTIFIER = edu.self.FiresideChat;
				PRODUCT_NAME = "$(TARGET_NAME)";
			};
			name = Debug;
		};
		E2158E981CFE0EA500870600 /* Release */ = {
			isa = XCBuildConfiguration;
			buildSettings = {
				ASSETCATALOG_COMPILER_APPICON_NAME = AppIcon;
				INFOPLIST_FILE = FiresideChat/Info.plist;
				LD_RUNPATH_SEARCH_PATHS = "$(inherited) @executable_path/Frameworks";
				PRODUCT_BUNDLE_IDENTIFIER = edu.self.FiresideChat;
				PRODUCT_NAME = "$(TARGET_NAME)";
			};
			name = Release;
		};
		E2158E9A1CFE0EA500870600 /* Debug */ = {
			isa = XCBuildConfiguration;
			buildSettings = {
				BUNDLE_LOADER = "$(TEST_HOST)";
				INFOPLIST_FILE = FiresideChatTests/Info.plist;
				LD_RUNPATH_SEARCH_PATHS = "$(inherited) @executable_path/Frameworks @loader_path/Frameworks";
				PRODUCT_BUNDLE_IDENTIFIER = edu.self.FiresideChatTests;
				PRODUCT_NAME = "$(TARGET_NAME)";
				TEST_HOST = "$(BUILT_PRODUCTS_DIR)/FiresideChat.app/FiresideChat";
			};
			name = Debug;
		};
		E2158E9B1CFE0EA500870600 /* Release */ = {
			isa = XCBuildConfiguration;
			buildSettings = {
				BUNDLE_LOADER = "$(TEST_HOST)";
				INFOPLIST_FILE = FiresideChatTests/Info.plist;
				LD_RUNPATH_SEARCH_PATHS = "$(inherited) @executable_path/Frameworks @loader_path/Frameworks";
				PRODUCT_BUNDLE_IDENTIFIER = edu.self.FiresideChatTests;
				PRODUCT_NAME = "$(TARGET_NAME)";
				TEST_HOST = "$(BUILT_PRODUCTS_DIR)/FiresideChat.app/FiresideChat";
			};
			name = Release;
		};
/* End XCBuildConfiguration section */

/* Begin XCConfigurationList section */
		E2158E6F1CFE0E9300870600 /* Build configuration list for PBXProject "FiresideChat" */ = {
			isa = XCConfigurationList;
			buildConfigurations = (
				E2158E941CFE0EA500870600 /* Debug */,
				E2158E951CFE0EA500870600 /* Release */,
			);
			defaultConfigurationIsVisible = 0;
			defaultConfigurationName = Release;
		};
		E2158E961CFE0EA500870600 /* Build configuration list for PBXNativeTarget "FiresideChat" */ = {
			isa = XCConfigurationList;
			buildConfigurations = (
				E2158E971CFE0EA500870600 /* Debug */,
				E2158E981CFE0EA500870600 /* Release */,
			);
			defaultConfigurationIsVisible = 0;
		};
		E2158E991CFE0EA500870600 /* Build configuration list for PBXNativeTarget "FiresideChatTests" */ = {
			isa = XCConfigurationList;
			buildConfigurations = (
				E2158E9A1CFE0EA500870600 /* Debug */,
				E2158E9B1CFE0EA500870600 /* Release */,
			);
			defaultConfigurationIsVisible = 0;
		};
/* End XCConfigurationList section */
	};
	rootObject = E2158E6C1CFE0E9300870600 /* Project object */;
}
